
Microsoft Visual Studio Solution File, Format Version 12.00
# Visual Studio Version 17
VisualStudioVersion = 17.3.32825.248
MinimumVisualStudioVersion = 10.0.40219.1
Project("{FAE04EC0-301F-11D3-BF4B-00C04F79EFBC}") = "Exerc1", "Exerc1\Exerc1.csproj", "{5B39CFF0-F44D-417C-990A-5650F850B6E7}"
EndProject
Project("{FAE04EC0-301F-11D3-BF4B-00C04F79EFBC}") = "Exerc2", "Exerc2\Exerc2.csproj", "{15CADCB7-2C3F-40D0-99E7-EE1B7DE4F367}"
EndProject
Project("{FAE04EC0-301F-11D3-BF4B-00C04F79EFBC}") = "Exerc3", "Exerc3\Exerc3.csproj", "{EB19D08D-835E-4195-941C-6B1FF7EC88EB}"
EndProject
Project("{FAE04EC0-301F-11D3-BF4B-00C04F79EFBC}") = "Exerc4", "Exerc4\Exerc4.csproj", "{D460763E-C9CA-4A74-ACFE-16ADB036514A}"
EndProject
Project("{FAE04EC0-301F-11D3-BF4B-00C04F79EFBC}") = "Exerc5", "Exerc5\Exerc5.csproj", "{F2250ADE-CFB5-42BF-A2AE-367AEB1F1656}"
EndProject
Project("{FAE04EC0-301F-11D3-BF4B-00C04F79EFBC}") = "Exerc6", "Exerc6\Exerc6.csproj", "{2F03B046-649A-42E2-BEA2-45F9F8601CFD}"
EndProject
Project("{FAE04EC0-301F-11D3-BF4B-00C04F79EFBC}") = "Exerc7", "Exerc7\Exerc7.csproj", "{A43FE6DB-ED7F-4EB1-87D0-EDE939937D50}"
EndProject
Project("{FAE04EC0-301F-11D3-BF4B-00C04F79EFBC}") = "Exerc8", "Exerc8\Exerc8.csproj", "{B3E88F4D-8D80-46E3-B5F2-D9F7879F4CE2}"
EndProject
Project("{FAE04EC0-301F-11D3-BF4B-00C04F79EFBC}") = "Exerci10", "Exerc 10\Exerci10.csproj", "{72E3A61D-3329-4E23-A741-54AE3C55E09F}"
EndProject
Project("{FAE04EC0-301F-11D3-BF4B-00C04F79EFBC}") = "Exerc9", "Exerc9\Exerc9.csproj", "{667C1A41-EE88-4AB4-A91E-C27BA2B8FF27}"
EndProject
Project("{FAE04EC0-301F-11D3-BF4B-00C04F79EFBC}") = "Exerci11", "Exerci11\Exerci11.csproj", "{BA4CC11C-1F4E-468A-B4D8-E33D6B827FD8}"
EndProject
Global
	GlobalSection(SolutionConfigurationPlatforms) = preSolution
		Debug|Any CPU = Debug|Any CPU
		Release|Any CPU = Release|Any CPU
	EndGlobalSection
	GlobalSection(ProjectConfigurationPlatforms) = postSolution
		{5B39CFF0-F44D-417C-990A-5650F850B6E7}.Debug|Any CPU.ActiveCfg = Debug|Any CPU
		{5B39CFF0-F44D-417C-990A-5650F850B6E7}.Debug|Any CPU.Build.0 = Debug|Any CPU
		{5B39CFF0-F44D-417C-990A-5650F850B6E7}.Release|Any CPU.ActiveCfg = Release|Any CPU
		{5B39CFF0-F44D-417C-990A-5650F850B6E7}.Release|Any CPU.Build.0 = Release|Any CPU
		{15CADCB7-2C3F-40D0-99E7-EE1B7DE4F367}.Debug|Any CPU.ActiveCfg = Debug|Any CPU
		{15CADCB7-2C3F-40D0-99E7-EE1B7DE4F367}.Debug|Any CPU.Build.0 = Debug|Any CPU
		{15CADCB7-2C3F-40D0-99E7-EE1B7DE4F367}.Release|Any CPU.ActiveCfg = Release|Any CPU
		{15CADCB7-2C3F-40D0-99E7-EE1B7DE4F367}.Release|Any CPU.Build.0 = Release|Any CPU
		{EB19D08D-835E-4195-941C-6B1FF7EC88EB}.Debug|Any CPU.ActiveCfg = Debug|Any CPU
		{EB19D08D-835E-4195-941C-6B1FF7EC88EB}.Debug|Any CPU.Build.0 = Debug|Any CPU
		{EB19D08D-835E-4195-941C-6B1FF7EC88EB}.Release|Any CPU.ActiveCfg = Release|Any CPU
		{EB19D08D-835E-4195-941C-6B1FF7EC88EB}.Release|Any CPU.Build.0 = Release|Any CPU
		{D460763E-C9CA-4A74-ACFE-16ADB036514A}.Debug|Any CPU.ActiveCfg = Debug|Any CPU
		{D460763E-C9CA-4A74-ACFE-16ADB036514A}.Debug|Any CPU.Build.0 = Debug|Any CPU
		{D460763E-C9CA-4A74-ACFE-16ADB036514A}.Release|Any CPU.ActiveCfg = Release|Any CPU
		{D460763E-C9CA-4A74-ACFE-16ADB036514A}.Release|Any CPU.Build.0 = Release|Any CPU
		{F2250ADE-CFB5-42BF-A2AE-367AEB1F1656}.Debug|Any CPU.ActiveCfg = Debug|Any CPU
		{F2250ADE-CFB5-42BF-A2AE-367AEB1F1656}.Debug|Any CPU.Build.0 = Debug|Any CPU
		{F2250ADE-CFB5-42BF-A2AE-367AEB1F1656}.Release|Any CPU.ActiveCfg = Release|Any CPU
		{F2250ADE-CFB5-42BF-A2AE-367AEB1F1656}.Release|Any CPU.Build.0 = Release|Any CPU
		{2F03B046-649A-42E2-BEA2-45F9F8601CFD}.Debug|Any CPU.ActiveCfg = Debug|Any CPU
		{2F03B046-649A-42E2-BEA2-45F9F8601CFD}.Debug|Any CPU.Build.0 = Debug|Any CPU
		{2F03B046-649A-42E2-BEA2-45F9F8601CFD}.Release|Any CPU.ActiveCfg = Release|Any CPU
		{2F03B046-649A-42E2-BEA2-45F9F8601CFD}.Release|Any CPU.Build.0 = Release|Any CPU
		{A43FE6DB-ED7F-4EB1-87D0-EDE939937D50}.Debug|Any CPU.ActiveCfg = Debug|Any CPU
		{A43FE6DB-ED7F-4EB1-87D0-EDE939937D50}.Debug|Any CPU.Build.0 = Debug|Any CPU
		{A43FE6DB-ED7F-4EB1-87D0-EDE939937D50}.Release|Any CPU.ActiveCfg = Release|Any CPU
		{A43FE6DB-ED7F-4EB1-87D0-EDE939937D50}.Release|Any CPU.Build.0 = Release|Any CPU
		{B3E88F4D-8D80-46E3-B5F2-D9F7879F4CE2}.Debug|Any CPU.ActiveCfg = Debug|Any CPU
		{B3E88F4D-8D80-46E3-B5F2-D9F7879F4CE2}.Debug|Any CPU.Build.0 = Debug|Any CPU
		{B3E88F4D-8D80-46E3-B5F2-D9F7879F4CE2}.Release|Any CPU.ActiveCfg = Release|Any CPU
		{B3E88F4D-8D80-46E3-B5F2-D9F7879F4CE2}.Release|Any CPU.Build.0 = Release|Any CPU
		{72E3A61D-3329-4E23-A741-54AE3C55E09F}.Debug|Any CPU.ActiveCfg = Debug|Any CPU
		{72E3A61D-3329-4E23-A741-54AE3C55E09F}.Debug|Any CPU.Build.0 = Debug|Any CPU
		{72E3A61D-3329-4E23-A741-54AE3C55E09F}.Release|Any CPU.ActiveCfg = Release|Any CPU
		{72E3A61D-3329-4E23-A741-54AE3C55E09F}.Release|Any CPU.Build.0 = Release|Any CPU
		{667C1A41-EE88-4AB4-A91E-C27BA2B8FF27}.Debug|Any CPU.ActiveCfg = Debug|Any CPU
		{667C1A41-EE88-4AB4-A91E-C27BA2B8FF27}.Debug|Any CPU.Build.0 = Debug|Any CPU
		{667C1A41-EE88-4AB4-A91E-C27BA2B8FF27}.Release|Any CPU.ActiveCfg = Release|Any CPU
		{667C1A41-EE88-4AB4-A91E-C27BA2B8FF27}.Release|Any CPU.Build.0 = Release|Any CPU
		{BA4CC11C-1F4E-468A-B4D8-E33D6B827FD8}.Debug|Any CPU.ActiveCfg = Debug|Any CPU
		{BA4CC11C-1F4E-468A-B4D8-E33D6B827FD8}.Debug|Any CPU.Build.0 = Debug|Any CPU
		{BA4CC11C-1F4E-468A-B4D8-E33D6B827FD8}.Release|Any CPU.ActiveCfg = Release|Any CPU
		{BA4CC11C-1F4E-468A-B4D8-E33D6B827FD8}.Release|Any CPU.Build.0 = Release|Any CPU
	EndGlobalSection
	GlobalSection(SolutionProperties) = preSolution
		HideSolutionNode = FALSE
	EndGlobalSection
	GlobalSection(ExtensibilityGlobals) = postSolution
		SolutionGuid = {7B236011-D7A3-445F-8F12-F51DF5BF3A51}
	EndGlobalSection
EndGlobal
